
Microsoft Visual Studio Solution File, Format Version 12.00
# Visual Studio Version 16
VisualStudioVersion = 16.0.29728.190
MinimumVisualStudioVersion = 10.0.40219.1
Project("{FAE04EC0-301F-11D3-BF4B-00C04F79EFBC}") = "Online", "Online\Online.csproj", "{10E8C667-318B-42F2-BE80-0D99C0CC0612}"
EndProject
Project("{FAE04EC0-301F-11D3-BF4B-00C04F79EFBC}") = "DataAcess", "DataAcess\DataAcess.csproj", "{3FF03F1A-7EA6-4781-9D1E-D5B5CCC6D3D0}"
EndProject
Project("{2150E333-8FDC-42A3-9474-1A3956D46DE8}") = "Solution Items", "Solution Items", "{17AC5890-8AAF-4EF8-86BF-738F8679E71A}"
	ProjectSection(SolutionItems) = preProject
		.editorconfig = .editorconfig
	EndProjectSection
EndProject
Global
	GlobalSection(SolutionConfigurationPlatforms) = preSolution
		Debug|Any CPU = Debug|Any CPU
		Release|Any CPU = Release|Any CPU
	EndGlobalSection
	GlobalSection(ProjectConfigurationPlatforms) = postSolution
		{10E8C667-318B-42F2-BE80-0D99C0CC0612}.Debug|Any CPU.ActiveCfg = Debug|Any CPU
		{10E8C667-318B-42F2-BE80-0D99C0CC0612}.Debug|Any CPU.Build.0 = Debug|Any CPU
		{10E8C667-318B-42F2-BE80-0D99C0CC0612}.Release|Any CPU.ActiveCfg = Release|Any CPU
		{10E8C667-318B-42F2-BE80-0D99C0CC0612}.Release|Any CPU.Build.0 = Release|Any CPU
		{3FF03F1A-7EA6-4781-9D1E-D5B5CCC6D3D0}.Debug|Any CPU.ActiveCfg = Debug|Any CPU
		{3FF03F1A-7EA6-4781-9D1E-D5B5CCC6D3D0}.Debug|Any CPU.Build.0 = Debug|Any CPU
		{3FF03F1A-7EA6-4781-9D1E-D5B5CCC6D3D0}.Release|Any CPU.ActiveCfg = Release|Any CPU
		{3FF03F1A-7EA6-4781-9D1E-D5B5CCC6D3D0}.Release|Any CPU.Build.0 = Release|Any CPU
	EndGlobalSection
	GlobalSection(SolutionProperties) = preSolution
		HideSolutionNode = FALSE
	EndGlobalSection
	GlobalSection(ExtensibilityGlobals) = postSolution
		SolutionGuid = {15279B3F-50A7-4331-B7F4-FDFB6EFA7FB6}
	EndGlobalSection
EndGlobal
